
Microsoft Visual Studio Solution File, Format Version 12.00
# Visual Studio 15
VisualStudioVersion = 15.0.28010.2003
MinimumVisualStudioVersion = 10.0.40219.1
Project("{FAE04EC0-301F-11D3-BF4B-00C04F79EFBC}") = "program", "program\program.csproj", "{176C4F1C-EF32-41E1-B703-1DDEE2222457}"
EndProject
Global
	GlobalSection(SolutionConfigurationPlatforms) = preSolution
		Debug|Any CPU = Debug|Any CPU
		Release|Any CPU = Release|Any CPU
	EndGlobalSection
	GlobalSection(ProjectConfigurationPlatforms) = postSolution
		{176C4F1C-EF32-41E1-B703-1DDEE2222457}.Debug|Any CPU.ActiveCfg = Debug|Any CPU
		{176C4F1C-EF32-41E1-B703-1DDEE2222457}.Debug|Any CPU.Build.0 = Debug|Any CPU
		{176C4F1C-EF32-41E1-B703-1DDEE2222457}.Release|Any CPU.ActiveCfg = Release|Any CPU
		{176C4F1C-EF32-41E1-B703-1DDEE2222457}.Release|Any CPU.Build.0 = Release|Any CPU
	EndGlobalSection
	GlobalSection(SolutionProperties) = preSolution
		HideSolutionNode = FALSE
	EndGlobalSection
	GlobalSection(ExtensibilityGlobals) = postSolution
		SolutionGuid = {682454D8-B7DD-4EE1-9EDE-59D917873CE4}
	EndGlobalSection
EndGlobal
