
Microsoft Visual Studio Solution File, Format Version 12.00
# Visual Studio 15
VisualStudioVersion = 15.0.28010.0
MinimumVisualStudioVersion = 10.0.40219.1
Project("{FAE04EC0-301F-11D3-BF4B-00C04F79EFBC}") = "AplicacionBase4", "AplicacionBase4\AplicacionBase4.csproj", "{06A601F3-AEA7-47A6-AA15-EDB9896DE109}"
EndProject
Global
	GlobalSection(SolutionConfigurationPlatforms) = preSolution
		Debug|Any CPU = Debug|Any CPU
		Release|Any CPU = Release|Any CPU
	EndGlobalSection
	GlobalSection(ProjectConfigurationPlatforms) = postSolution
		{06A601F3-AEA7-47A6-AA15-EDB9896DE109}.Debug|Any CPU.ActiveCfg = Debug|Any CPU
		{06A601F3-AEA7-47A6-AA15-EDB9896DE109}.Debug|Any CPU.Build.0 = Debug|Any CPU
		{06A601F3-AEA7-47A6-AA15-EDB9896DE109}.Release|Any CPU.ActiveCfg = Release|Any CPU
		{06A601F3-AEA7-47A6-AA15-EDB9896DE109}.Release|Any CPU.Build.0 = Release|Any CPU
	EndGlobalSection
	GlobalSection(SolutionProperties) = preSolution
		HideSolutionNode = FALSE
	EndGlobalSection
	GlobalSection(ExtensibilityGlobals) = postSolution
		SolutionGuid = {325D0478-C366-4DD3-AF9F-9A138812E3F3}
	EndGlobalSection
EndGlobal
