
Microsoft Visual Studio Solution File, Format Version 12.00
# Visual Studio 15
VisualStudioVersion = 15.0.28010.0
MinimumVisualStudioVersion = 10.0.40219.1
Project("{FAE04EC0-301F-11D3-BF4B-00C04F79EFBC}") = "TablaMultiplicar", "TablaMultiplicar\TablaMultiplicar.csproj", "{C796A1E3-C295-4C8A-8532-7FC41DD4CCC8}"
EndProject
Global
	GlobalSection(SolutionConfigurationPlatforms) = preSolution
		Debug|Any CPU = Debug|Any CPU
		Release|Any CPU = Release|Any CPU
	EndGlobalSection
	GlobalSection(ProjectConfigurationPlatforms) = postSolution
		{C796A1E3-C295-4C8A-8532-7FC41DD4CCC8}.Debug|Any CPU.ActiveCfg = Debug|Any CPU
		{C796A1E3-C295-4C8A-8532-7FC41DD4CCC8}.Debug|Any CPU.Build.0 = Debug|Any CPU
		{C796A1E3-C295-4C8A-8532-7FC41DD4CCC8}.Release|Any CPU.ActiveCfg = Release|Any CPU
		{C796A1E3-C295-4C8A-8532-7FC41DD4CCC8}.Release|Any CPU.Build.0 = Release|Any CPU
	EndGlobalSection
	GlobalSection(SolutionProperties) = preSolution
		HideSolutionNode = FALSE
	EndGlobalSection
	GlobalSection(ExtensibilityGlobals) = postSolution
		SolutionGuid = {612FECF5-4156-4F7E-ADEF-5CE7C508EFA5}
	EndGlobalSection
EndGlobal
