
Microsoft Visual Studio Solution File, Format Version 12.00
# Visual Studio 15
VisualStudioVersion = 15.0.27703.2042
MinimumVisualStudioVersion = 10.0.40219.1
Project("{FAE04EC0-301F-11D3-BF4B-00C04F79EFBC}") = "MiProyecto", "MiProyecto\MiProyecto.csproj", "{6456C9BF-FC11-44FB-8FC0-5E4E67ECA928}"
EndProject
Global
	GlobalSection(SolutionConfigurationPlatforms) = preSolution
		Debug|Any CPU = Debug|Any CPU
		Release|Any CPU = Release|Any CPU
	EndGlobalSection
	GlobalSection(ProjectConfigurationPlatforms) = postSolution
		{6456C9BF-FC11-44FB-8FC0-5E4E67ECA928}.Debug|Any CPU.ActiveCfg = Debug|Any CPU
		{6456C9BF-FC11-44FB-8FC0-5E4E67ECA928}.Debug|Any CPU.Build.0 = Debug|Any CPU
		{6456C9BF-FC11-44FB-8FC0-5E4E67ECA928}.Release|Any CPU.ActiveCfg = Release|Any CPU
		{6456C9BF-FC11-44FB-8FC0-5E4E67ECA928}.Release|Any CPU.Build.0 = Release|Any CPU
	EndGlobalSection
	GlobalSection(SolutionProperties) = preSolution
		HideSolutionNode = FALSE
	EndGlobalSection
	GlobalSection(ExtensibilityGlobals) = postSolution
		SolutionGuid = {462BEFDA-9E78-40FF-B435-6A5E6EA59690}
	EndGlobalSection
EndGlobal
