
Microsoft Visual Studio Solution File, Format Version 12.00
# Visual Studio 15
VisualStudioVersion = 15.0.28010.0
MinimumVisualStudioVersion = 10.0.40219.1
Project("{FAE04EC0-301F-11D3-BF4B-00C04F79EFBC}") = "ParesImpares", "ParesImpares\ParesImpares.csproj", "{1B277A7D-FB00-4349-B859-50AECB755532}"
EndProject
Global
	GlobalSection(SolutionConfigurationPlatforms) = preSolution
		Debug|Any CPU = Debug|Any CPU
		Release|Any CPU = Release|Any CPU
	EndGlobalSection
	GlobalSection(ProjectConfigurationPlatforms) = postSolution
		{1B277A7D-FB00-4349-B859-50AECB755532}.Debug|Any CPU.ActiveCfg = Debug|Any CPU
		{1B277A7D-FB00-4349-B859-50AECB755532}.Debug|Any CPU.Build.0 = Debug|Any CPU
		{1B277A7D-FB00-4349-B859-50AECB755532}.Release|Any CPU.ActiveCfg = Release|Any CPU
		{1B277A7D-FB00-4349-B859-50AECB755532}.Release|Any CPU.Build.0 = Release|Any CPU
	EndGlobalSection
	GlobalSection(SolutionProperties) = preSolution
		HideSolutionNode = FALSE
	EndGlobalSection
	GlobalSection(ExtensibilityGlobals) = postSolution
		SolutionGuid = {F5114B25-AB95-4B34-91B6-BACACB8FCFA5}
	EndGlobalSection
EndGlobal
